// !$*UTF8*$!
{
	archiveVersion = 1;
	classes = {
	};
	objectVersion = 55;
	objects = {

/* Begin PBXContainerItemProxy section */
		719472A3279048A400E506A9 /* PBXContainerItemProxy */ = {
			isa = PBXContainerItemProxy;
			containerPortal = 7194729F279048A400E506A9 /* 1_Stacks.xcodeproj */;
			proxyType = 2;
			remoteGlobalIDString = 71947295279048A400E506A9;
			remoteInfo = 1_Stacks;
		};
		719472BC27904D9400E506A9 /* PBXContainerItemProxy */ = {
			isa = PBXContainerItemProxy;
			containerPortal = 719472B827904D9400E506A9 /* 2_Linked lists.xcodeproj */;
			proxyType = 2;
			remoteGlobalIDString = 719472AE27904D9400E506A9;
			remoteInfo = "2_Linked lists";
		};
		719472D527907A0100E506A9 /* PBXContainerItemProxy */ = {
			isa = PBXContainerItemProxy;
			containerPortal = 719472D127907A0000E506A9 /* 3_Queues and deques.xcodeproj */;
			proxyType = 2;
			remoteGlobalIDString = 719472C727907A0000E506A9;
			remoteInfo = "3_Queues and deques";
		};
		719472EE2790960800E506A9 /* PBXContainerItemProxy */ = {
			isa = PBXContainerItemProxy;
			containerPortal = 719472EA2790960700E506A9 /* 4_Trees.xcodeproj */;
			proxyType = 2;
			remoteGlobalIDString = 719472E02790960700E506A9;
			remoteInfo = 4_Trees;
		};
/* End PBXContainerItemProxy section */

/* Begin PBXFileReference section */
		7194729F279048A400E506A9 /* 1_Stacks.xcodeproj */ = {isa = PBXFileReference; lastKnownFileType = "wrapper.pb-project"; name = 1_Stacks.xcodeproj; path = 1_Stacks/1_Stacks.xcodeproj; sourceTree = "<group>"; };
		719472B827904D9400E506A9 /* 2_Linked lists.xcodeproj */ = {isa = PBXFileReference; lastKnownFileType = "wrapper.pb-project"; name = "2_Linked lists.xcodeproj"; path = "2_Linked lists/2_Linked lists.xcodeproj"; sourceTree = "<group>"; };
		719472D127907A0000E506A9 /* 3_Queues and deques.xcodeproj */ = {isa = PBXFileReference; lastKnownFileType = "wrapper.pb-project"; name = "3_Queues and deques.xcodeproj"; path = "3_Queues and deques/3_Queues and deques.xcodeproj"; sourceTree = "<group>"; };
		719472EA2790960700E506A9 /* 4_Trees.xcodeproj */ = {isa = PBXFileReference; lastKnownFileType = "wrapper.pb-project"; name = 4_Trees.xcodeproj; path = 4_Trees/4_Trees.xcodeproj; sourceTree = "<group>"; };
/* End PBXFileReference section */

/* Begin PBXGroup section */
		719472852790488200E506A9 = {
			isa = PBXGroup;
			children = (
				7194729F279048A400E506A9 /* 1_Stacks.xcodeproj */,
				719472B827904D9400E506A9 /* 2_Linked lists.xcodeproj */,
				719472D127907A0000E506A9 /* 3_Queues and deques.xcodeproj */,
				719472EA2790960700E506A9 /* 4_Trees.xcodeproj */,
			);
			sourceTree = "<group>";
		};
		719472A0279048A400E506A9 /* Products */ = {
			isa = PBXGroup;
			children = (
				719472A4279048A400E506A9 /* 1_Stacks */,
			);
			name = Products;
			sourceTree = "<group>";
		};
		719472B927904D9400E506A9 /* Products */ = {
			isa = PBXGroup;
			children = (
				719472BD27904D9400E506A9 /* 2_Linked lists */,
			);
			name = Products;
			sourceTree = "<group>";
		};
		719472D227907A0000E506A9 /* Products */ = {
			isa = PBXGroup;
			children = (
				719472D627907A0100E506A9 /* 3_Queues and deques */,
			);
			name = Products;
			sourceTree = "<group>";
		};
		719472EB2790960700E506A9 /* Products */ = {
			isa = PBXGroup;
			children = (
				719472EF2790960800E506A9 /* 4_Trees */,
			);
			name = Products;
			sourceTree = "<group>";
		};
/* End PBXGroup section */

/* Begin PBXProject section */
		719472862790488200E506A9 /* Project object */ = {
			isa = PBXProject;
			attributes = {
				BuildIndependentTargetsInParallel = 1;
				LastUpgradeCheck = 1320;
			};
			buildConfigurationList = 719472892790488200E506A9 /* Build configuration list for PBXProject "DataStructure" */;
			compatibilityVersion = "Xcode 13.0";
			developmentRegion = en;
			hasScannedForEncodings = 0;
			knownRegions = (
				en,
				Base,
			);
			mainGroup = 719472852790488200E506A9;
			projectDirPath = "";
			projectReferences = (
				{
					ProductGroup = 719472A0279048A400E506A9 /* Products */;
					ProjectRef = 7194729F279048A400E506A9 /* 1_Stacks.xcodeproj */;
				},
				{
					ProductGroup = 719472B927904D9400E506A9 /* Products */;
					ProjectRef = 719472B827904D9400E506A9 /* 2_Linked lists.xcodeproj */;
				},
				{
					ProductGroup = 719472D227907A0000E506A9 /* Products */;
					ProjectRef = 719472D127907A0000E506A9 /* 3_Queues and deques.xcodeproj */;
				},
				{
					ProductGroup = 719472EB2790960700E506A9 /* Products */;
					ProjectRef = 719472EA2790960700E506A9 /* 4_Trees.xcodeproj */;
				},
			);
			projectRoot = "";
			targets = (
			);
		};
/* End PBXProject section */

/* Begin PBXReferenceProxy section */
		719472A4279048A400E506A9 /* 1_Stacks */ = {
			isa = PBXReferenceProxy;
			fileType = "compiled.mach-o.executable";
			path = 1_Stacks;
			remoteRef = 719472A3279048A400E506A9 /* PBXContainerItemProxy */;
			sourceTree = BUILT_PRODUCTS_DIR;
		};
		719472BD27904D9400E506A9 /* 2_Linked lists */ = {
			isa = PBXReferenceProxy;
			fileType = "compiled.mach-o.executable";
			path = "2_Linked lists";
			remoteRef = 719472BC27904D9400E506A9 /* PBXContainerItemProxy */;
			sourceTree = BUILT_PRODUCTS_DIR;
		};
		719472D627907A0100E506A9 /* 3_Queues and deques */ = {
			isa = PBXReferenceProxy;
			fileType = "compiled.mach-o.executable";
			path = "3_Queues and deques";
			remoteRef = 719472D527907A0100E506A9 /* PBXContainerItemProxy */;
			sourceTree = BUILT_PRODUCTS_DIR;
		};
		719472EF2790960800E506A9 /* 4_Trees */ = {
			isa = PBXReferenceProxy;
			fileType = "compiled.mach-o.executable";
			path = 4_Trees;
			remoteRef = 719472EE2790960800E506A9 /* PBXContainerItemProxy */;
			sourceTree = BUILT_PRODUCTS_DIR;
		};
/* End PBXReferenceProxy section */

/* Begin XCBuildConfiguration section */
		7194728A2790488200E506A9 /* Debug */ = {
			isa = XCBuildConfiguration;
			buildSettings = {
			};
			name = Debug;
		};
		7194728B2790488200E506A9 /* Release */ = {
			isa = XCBuildConfiguration;
			buildSettings = {
			};
			name = Release;
		};
/* End XCBuildConfiguration section */

/* Begin XCConfigurationList section */
		719472892790488200E506A9 /* Build configuration list for PBXProject "DataStructure" */ = {
			isa = XCConfigurationList;
			buildConfigurations = (
				7194728A2790488200E506A9 /* Debug */,
				7194728B2790488200E506A9 /* Release */,
			);
			defaultConfigurationIsVisible = 0;
			defaultConfigurationName = Release;
		};
/* End XCConfigurationList section */
	};
	rootObject = 719472862790488200E506A9 /* Project object */;
}
